
Microsoft Visual Studio Solution File, Format Version 12.00
# Visual Studio 15
Project("{FAE04EC0-301F-11D3-BF4B-00C04F79EFBC}") = "Assembly-CSharp-Editor", "Assembly-CSharp-Editor.csproj", "{C9B4E0A0-9245-C195-DA62-A1B7EE70CF53}"
EndProject
Project("{FAE04EC0-301F-11D3-BF4B-00C04F79EFBC}") = "Assembly-CSharp", "Assembly-CSharp.csproj", "{995E56BF-B8A0-120E-B920-8C1B7607BBA9}"
EndProject
Project("{FAE04EC0-301F-11D3-BF4B-00C04F79EFBC}") = "Unity.ML-Agents", "Unity.ML-Agents.csproj", "{AA0BB588-711D-999D-7576-B85D9BE94FE4}"
EndProject
Project("{FAE04EC0-301F-11D3-BF4B-00C04F79EFBC}") = "Unity.ML-Agents.CommunicatorObjects", "Unity.ML-Agents.CommunicatorObjects.csproj", "{4E8081E0-7ED3-55DC-DCE8-1DDD19EB7335}"
EndProject
Project("{FAE04EC0-301F-11D3-BF4B-00C04F79EFBC}") = "Unity.ML-Agents.Editor", "Unity.ML-Agents.Editor.csproj", "{4BB4853B-B3B9-99A3-2B43-22C305777D2D}"
EndProject
Project("{FAE04EC0-301F-11D3-BF4B-00C04F79EFBC}") = "Unity.ML-Agents.Extensions.Editor", "Unity.ML-Agents.Extensions.Editor.csproj", "{99AA4DA6-B04F-DA16-F6AF-425EBC2A6720}"
EndProject
Project("{FAE04EC0-301F-11D3-BF4B-00C04F79EFBC}") = "Unity.ML-Agents.Extensions.Input", "Unity.ML-Agents.Extensions.Input.csproj", "{1A60AD8B-92F4-BB07-469D-6D9A25EEA988}"
EndProject
Project("{FAE04EC0-301F-11D3-BF4B-00C04F79EFBC}") = "Unity.ML-Agents.Extensions", "Unity.ML-Agents.Extensions.csproj", "{A792F984-43EA-142E-441B-849F7B500553}"
EndProject
Project("{FAE04EC0-301F-11D3-BF4B-00C04F79EFBC}") = "Unity.ML-Agents.Extensions.Editor.Input", "Unity.ML-Agents.Extensions.Editor.Input.csproj", "{2ADE38BE-6B19-9B20-8AAB-8F4F85240D7B}"
EndProject
Project("{2150E333-8FDC-42A3-9474-1A3956D46DE8}") = "Solution Items", "Solution Items", "{59623AA4-FC02-4539-BB59-E43F9737EEBF}"
	ProjectSection(SolutionItems) = preProject
		.editorconfig = .editorconfig
	EndProjectSection
EndProject
Global
	GlobalSection(SolutionConfigurationPlatforms) = preSolution
		Debug|Any CPU = Debug|Any CPU
		Release|Any CPU = Release|Any CPU
	EndGlobalSection
	GlobalSection(ProjectConfigurationPlatforms) = postSolution
		{C9B4E0A0-9245-C195-DA62-A1B7EE70CF53}.Debug|Any CPU.ActiveCfg = Debug|Any CPU
		{C9B4E0A0-9245-C195-DA62-A1B7EE70CF53}.Debug|Any CPU.Build.0 = Debug|Any CPU
		{C9B4E0A0-9245-C195-DA62-A1B7EE70CF53}.Release|Any CPU.ActiveCfg = Release|Any CPU
		{C9B4E0A0-9245-C195-DA62-A1B7EE70CF53}.Release|Any CPU.Build.0 = Release|Any CPU
		{995E56BF-B8A0-120E-B920-8C1B7607BBA9}.Debug|Any CPU.ActiveCfg = Debug|Any CPU
		{995E56BF-B8A0-120E-B920-8C1B7607BBA9}.Debug|Any CPU.Build.0 = Debug|Any CPU
		{995E56BF-B8A0-120E-B920-8C1B7607BBA9}.Release|Any CPU.ActiveCfg = Release|Any CPU
		{995E56BF-B8A0-120E-B920-8C1B7607BBA9}.Release|Any CPU.Build.0 = Release|Any CPU
		{AA0BB588-711D-999D-7576-B85D9BE94FE4}.Debug|Any CPU.ActiveCfg = Debug|Any CPU
		{AA0BB588-711D-999D-7576-B85D9BE94FE4}.Debug|Any CPU.Build.0 = Debug|Any CPU
		{AA0BB588-711D-999D-7576-B85D9BE94FE4}.Release|Any CPU.ActiveCfg = Release|Any CPU
		{AA0BB588-711D-999D-7576-B85D9BE94FE4}.Release|Any CPU.Build.0 = Release|Any CPU
		{4E8081E0-7ED3-55DC-DCE8-1DDD19EB7335}.Debug|Any CPU.ActiveCfg = Debug|Any CPU
		{4E8081E0-7ED3-55DC-DCE8-1DDD19EB7335}.Debug|Any CPU.Build.0 = Debug|Any CPU
		{4E8081E0-7ED3-55DC-DCE8-1DDD19EB7335}.Release|Any CPU.ActiveCfg = Release|Any CPU
		{4E8081E0-7ED3-55DC-DCE8-1DDD19EB7335}.Release|Any CPU.Build.0 = Release|Any CPU
		{4BB4853B-B3B9-99A3-2B43-22C305777D2D}.Debug|Any CPU.ActiveCfg = Debug|Any CPU
		{4BB4853B-B3B9-99A3-2B43-22C305777D2D}.Debug|Any CPU.Build.0 = Debug|Any CPU
		{4BB4853B-B3B9-99A3-2B43-22C305777D2D}.Release|Any CPU.ActiveCfg = Release|Any CPU
		{4BB4853B-B3B9-99A3-2B43-22C305777D2D}.Release|Any CPU.Build.0 = Release|Any CPU
		{99AA4DA6-B04F-DA16-F6AF-425EBC2A6720}.Debug|Any CPU.ActiveCfg = Debug|Any CPU
		{99AA4DA6-B04F-DA16-F6AF-425EBC2A6720}.Debug|Any CPU.Build.0 = Debug|Any CPU
		{99AA4DA6-B04F-DA16-F6AF-425EBC2A6720}.Release|Any CPU.ActiveCfg = Release|Any CPU
		{99AA4DA6-B04F-DA16-F6AF-425EBC2A6720}.Release|Any CPU.Build.0 = Release|Any CPU
		{1A60AD8B-92F4-BB07-469D-6D9A25EEA988}.Debug|Any CPU.ActiveCfg = Debug|Any CPU
		{1A60AD8B-92F4-BB07-469D-6D9A25EEA988}.Debug|Any CPU.Build.0 = Debug|Any CPU
		{1A60AD8B-92F4-BB07-469D-6D9A25EEA988}.Release|Any CPU.ActiveCfg = Release|Any CPU
		{1A60AD8B-92F4-BB07-469D-6D9A25EEA988}.Release|Any CPU.Build.0 = Release|Any CPU
		{A792F984-43EA-142E-441B-849F7B500553}.Debug|Any CPU.ActiveCfg = Debug|Any CPU
		{A792F984-43EA-142E-441B-849F7B500553}.Debug|Any CPU.Build.0 = Debug|Any CPU
		{A792F984-43EA-142E-441B-849F7B500553}.Release|Any CPU.ActiveCfg = Release|Any CPU
		{A792F984-43EA-142E-441B-849F7B500553}.Release|Any CPU.Build.0 = Release|Any CPU
		{2ADE38BE-6B19-9B20-8AAB-8F4F85240D7B}.Debug|Any CPU.ActiveCfg = Debug|Any CPU
		{2ADE38BE-6B19-9B20-8AAB-8F4F85240D7B}.Debug|Any CPU.Build.0 = Debug|Any CPU
		{2ADE38BE-6B19-9B20-8AAB-8F4F85240D7B}.Release|Any CPU.ActiveCfg = Release|Any CPU
		{2ADE38BE-6B19-9B20-8AAB-8F4F85240D7B}.Release|Any CPU.Build.0 = Release|Any CPU
	EndGlobalSection
	GlobalSection(SolutionProperties) = preSolution
		HideSolutionNode = FALSE
	EndGlobalSection
EndGlobal
